
Microsoft Visual Studio Solution File, Format Version 12.00
# Visual Studio Version 17
VisualStudioVersion = 17.6.33723.286
MinimumVisualStudioVersion = 10.0.40219.1
Project("{9A19103F-16F7-4668-BE54-9A1E7A4F7556}") = "ScoreBoard", "ScoreBoard.csproj", "{50D9729C-4832-4555-9CC9-311E1CA05C53}"
EndProject
Project("{9A19103F-16F7-4668-BE54-9A1E7A4F7556}") = "ScoreBoardTests", "..\ScoreBoardTests\ScoreBoardTests.csproj", "{19A61356-BFC8-4A2A-A5B0-5F698E518E56}"
EndProject
Global
	GlobalSection(SolutionConfigurationPlatforms) = preSolution
		Debug|Any CPU = Debug|Any CPU
		Release|Any CPU = Release|Any CPU
	EndGlobalSection
	GlobalSection(ProjectConfigurationPlatforms) = postSolution
		{50D9729C-4832-4555-9CC9-311E1CA05C53}.Debug|Any CPU.ActiveCfg = Debug|Any CPU
		{50D9729C-4832-4555-9CC9-311E1CA05C53}.Debug|Any CPU.Build.0 = Debug|Any CPU
		{50D9729C-4832-4555-9CC9-311E1CA05C53}.Release|Any CPU.ActiveCfg = Release|Any CPU
		{50D9729C-4832-4555-9CC9-311E1CA05C53}.Release|Any CPU.Build.0 = Release|Any CPU
		{19A61356-BFC8-4A2A-A5B0-5F698E518E56}.Debug|Any CPU.ActiveCfg = Debug|Any CPU
		{19A61356-BFC8-4A2A-A5B0-5F698E518E56}.Debug|Any CPU.Build.0 = Debug|Any CPU
		{19A61356-BFC8-4A2A-A5B0-5F698E518E56}.Release|Any CPU.ActiveCfg = Release|Any CPU
		{19A61356-BFC8-4A2A-A5B0-5F698E518E56}.Release|Any CPU.Build.0 = Release|Any CPU
	EndGlobalSection
	GlobalSection(SolutionProperties) = preSolution
		HideSolutionNode = FALSE
	EndGlobalSection
	GlobalSection(ExtensibilityGlobals) = postSolution
		SolutionGuid = {33B292E5-545A-4F4A-B26F-5BE3129CB8DA}
	EndGlobalSection
EndGlobal
